{
  "originHash" : "e94f7ddb730b42b62b686f417cef85fcbb9c0e8e3c8c6e94b9068e01fe368d2a",
  "pins" : [
    {
      "identity" : "swiftformat",
      "kind" : "remoteSourceControl",
      "location" : "https://github.com/nicklockwood/SwiftFormat.git",
      "state" : {
        "revision" : "86ed20990585f478c0daf309af645c2a528b59d8",
        "version" : "0.54.6"
      }
    }
  ],
  "version" : 3
}
